// !$*UTF8*$!
{
	archiveVersion = 1;
	classes = {
	};
	objectVersion = 56;
	objects = {

/* Begin PBXBuildFile section */
		AA007E84291B8C0D00DA92C0 /* CurrentForecastView.swift in Sources */ = {isa = PBXBuildFile; fileRef = AA007E83291B8C0D00DA92C0 /* CurrentForecastView.swift */; };
		AA007E88291B92ED00DA92C0 /* MainWeatherViewModel.swift in Sources */ = {isa = PBXBuildFile; fileRef = AA007E87291B92ED00DA92C0 /* MainWeatherViewModel.swift */; };
		AA007E8C291B984500DA92C0 /* FactorView.swift in Sources */ = {isa = PBXBuildFile; fileRef = AA007E8B291B984500DA92C0 /* FactorView.swift */; };
		AACCB78C2919838200E13EEE /* Image.swift in Sources */ = {isa = PBXBuildFile; fileRef = AACCB78B2919838200E13EEE /* Image.swift */; };
		AACCB78E291A385200E13EEE /* Navigation.swift in Sources */ = {isa = PBXBuildFile; fileRef = AACCB78D291A385200E13EEE /* Navigation.swift */; };
		AACCB795291A498E00E13EEE /* MainWeatherView.swift in Sources */ = {isa = PBXBuildFile; fileRef = AACCB794291A498E00E13EEE /* MainWeatherView.swift */; };
		AADD4F7C291A9DE70077C37A /* HourlyView.swift in Sources */ = {isa = PBXBuildFile; fileRef = AADD4F7B291A9DE70077C37A /* HourlyView.swift */; };
		AADD4F80291A9E3E0077C37A /* DailyView.swift in Sources */ = {isa = PBXBuildFile; fileRef = AADD4F7F291A9E3E0077C37A /* DailyView.swift */; };
		AAF9AE8A291956F60081AB75 /* WeatherAppApp.swift in Sources */ = {isa = PBXBuildFile; fileRef = AAF9AE89291956F60081AB75 /* WeatherAppApp.swift */; };
		AAF9AE8E291956F70081AB75 /* Assets.xcassets in Resources */ = {isa = PBXBuildFile; fileRef = AAF9AE8D291956F70081AB75 /* Assets.xcassets */; };
		AAF9AE91291956F70081AB75 /* Preview Assets.xcassets in Resources */ = {isa = PBXBuildFile; fileRef = AAF9AE90291956F70081AB75 /* Preview Assets.xcassets */; };
/* End PBXBuildFile section */

/* Begin PBXFileReference section */
		AA007E83291B8C0D00DA92C0 /* CurrentForecastView.swift */ = {isa = PBXFileReference; lastKnownFileType = sourcecode.swift; path = CurrentForecastView.swift; sourceTree = "<group>"; };
		AA007E87291B92ED00DA92C0 /* MainWeatherViewModel.swift */ = {isa = PBXFileReference; lastKnownFileType = sourcecode.swift; path = MainWeatherViewModel.swift; sourceTree = "<group>"; };
		AA007E8B291B984500DA92C0 /* FactorView.swift */ = {isa = PBXFileReference; lastKnownFileType = sourcecode.swift; path = FactorView.swift; sourceTree = "<group>"; };
		AACCB78B2919838200E13EEE /* Image.swift */ = {isa = PBXFileReference; lastKnownFileType = sourcecode.swift; path = Image.swift; sourceTree = "<group>"; };
		AACCB78D291A385200E13EEE /* Navigation.swift */ = {isa = PBXFileReference; lastKnownFileType = sourcecode.swift; path = Navigation.swift; sourceTree = "<group>"; };
		AACCB794291A498E00E13EEE /* MainWeatherView.swift */ = {isa = PBXFileReference; lastKnownFileType = sourcecode.swift; path = MainWeatherView.swift; sourceTree = "<group>"; };
		AADD4F7B291A9DE70077C37A /* HourlyView.swift */ = {isa = PBXFileReference; lastKnownFileType = sourcecode.swift; path = HourlyView.swift; sourceTree = "<group>"; };
		AADD4F7F291A9E3E0077C37A /* DailyView.swift */ = {isa = PBXFileReference; lastKnownFileType = sourcecode.swift; path = DailyView.swift; sourceTree = "<group>"; };
		AAF9AE86291956F60081AB75 /* WeatherApp.app */ = {isa = PBXFileReference; explicitFileType = wrapper.application; includeInIndex = 0; path = WeatherApp.app; sourceTree = BUILT_PRODUCTS_DIR; };
		AAF9AE89291956F60081AB75 /* WeatherAppApp.swift */ = {isa = PBXFileReference; lastKnownFileType = sourcecode.swift; path = WeatherAppApp.swift; sourceTree = "<group>"; };
		AAF9AE8D291956F70081AB75 /* Assets.xcassets */ = {isa = PBXFileReference; lastKnownFileType = folder.assetcatalog; path = Assets.xcassets; sourceTree = "<group>"; };
		AAF9AE90291956F70081AB75 /* Preview Assets.xcassets */ = {isa = PBXFileReference; lastKnownFileType = folder.assetcatalog; path = "Preview Assets.xcassets"; sourceTree = "<group>"; };
/* End PBXFileReference section */

/* Begin PBXFrameworksBuildPhase section */
		AAF9AE83291956F60081AB75 /* Frameworks */ = {
			isa = PBXFrameworksBuildPhase;
			buildActionMask = 2147483647;
			files = (
			);
			runOnlyForDeploymentPostprocessing = 0;
		};
/* End PBXFrameworksBuildPhase section */

/* Begin PBXGroup section */
		AACCB78729197B4300E13EEE /* Base */ = {
			isa = PBXGroup;
			children = (
				AACCB78929197B9000E13EEE /* Extension */,
			);
			path = Base;
			sourceTree = "<group>";
		};
		AACCB78829197B5900E13EEE /* Features */ = {
			isa = PBXGroup;
			children = (
				AACCB793291A495500E13EEE /* MainWeather */,
			);
			path = Features;
			sourceTree = "<group>";
		};
		AACCB78929197B9000E13EEE /* Extension */ = {
			isa = PBXGroup;
			children = (
				AACCB78B2919838200E13EEE /* Image.swift */,
				AACCB78D291A385200E13EEE /* Navigation.swift */,
			);
			path = Extension;
			sourceTree = "<group>";
		};
		AACCB78A29197C1700E13EEE /* Mocks */ = {
			isa = PBXGroup;
			children = (
			);
			path = Mocks;
			sourceTree = "<group>";
		};
		AACCB793291A495500E13EEE /* MainWeather */ = {
			isa = PBXGroup;
			children = (
				AACCB794291A498E00E13EEE /* MainWeatherView.swift */,
				AADD4F7B291A9DE70077C37A /* HourlyView.swift */,
				AADD4F7F291A9E3E0077C37A /* DailyView.swift */,
				AA007E83291B8C0D00DA92C0 /* CurrentForecastView.swift */,
				AA007E87291B92ED00DA92C0 /* MainWeatherViewModel.swift */,
				AA007E8B291B984500DA92C0 /* FactorView.swift */,
			);
			path = MainWeather;
			sourceTree = "<group>";
		};
		AAF9AE7D291956F60081AB75 = {
			isa = PBXGroup;
			children = (
				AAF9AE88291956F60081AB75 /* WeatherApp */,
				AAF9AE87291956F60081AB75 /* Products */,
			);
			sourceTree = "<group>";
		};
		AAF9AE87291956F60081AB75 /* Products */ = {
			isa = PBXGroup;
			children = (
				AAF9AE86291956F60081AB75 /* WeatherApp.app */,
			);
			name = Products;
			sourceTree = "<group>";
		};
		AAF9AE88291956F60081AB75 /* WeatherApp */ = {
			isa = PBXGroup;
			children = (
				AACCB78729197B4300E13EEE /* Base */,
				AACCB78A29197C1700E13EEE /* Mocks */,
				AACCB78829197B5900E13EEE /* Features */,
				AAF9AE89291956F60081AB75 /* WeatherAppApp.swift */,
				AAF9AE8D291956F70081AB75 /* Assets.xcassets */,
				AAF9AE8F291956F70081AB75 /* Preview Content */,
			);
			path = WeatherApp;
			sourceTree = "<group>";
		};
		AAF9AE8F291956F70081AB75 /* Preview Content */ = {
			isa = PBXGroup;
			children = (
				AAF9AE90291956F70081AB75 /* Preview Assets.xcassets */,
			);
			path = "Preview Content";
			sourceTree = "<group>";
		};
/* End PBXGroup section */

/* Begin PBXNativeTarget section */
		AAF9AE85291956F60081AB75 /* WeatherApp */ = {
			isa = PBXNativeTarget;
			buildConfigurationList = AAF9AE94291956F70081AB75 /* Build configuration list for PBXNativeTarget "WeatherApp" */;
			buildPhases = (
				AAF9AE82291956F60081AB75 /* Sources */,
				AAF9AE83291956F60081AB75 /* Frameworks */,
				AAF9AE84291956F60081AB75 /* Resources */,
				AACCB78629196C6900E13EEE /* ShellScript */,
			);
			buildRules = (
			);
			dependencies = (
			);
			name = WeatherApp;
			productName = WeatherApp;
			productReference = AAF9AE86291956F60081AB75 /* WeatherApp.app */;
			productType = "com.apple.product-type.application";
		};
/* End PBXNativeTarget section */

/* Begin PBXProject section */
		AAF9AE7E291956F60081AB75 /* Project object */ = {
			isa = PBXProject;
			attributes = {
				BuildIndependentTargetsInParallel = 1;
				LastSwiftUpdateCheck = 1410;
				LastUpgradeCheck = 1410;
				TargetAttributes = {
					AAF9AE85291956F60081AB75 = {
						CreatedOnToolsVersion = 14.1;
					};
				};
			};
			buildConfigurationList = AAF9AE81291956F60081AB75 /* Build configuration list for PBXProject "WeatherApp" */;
			compatibilityVersion = "Xcode 14.0";
			developmentRegion = en;
			hasScannedForEncodings = 0;
			knownRegions = (
				en,
				Base,
			);
			mainGroup = AAF9AE7D291956F60081AB75;
			productRefGroup = AAF9AE87291956F60081AB75 /* Products */;
			projectDirPath = "";
			projectRoot = "";
			targets = (
				AAF9AE85291956F60081AB75 /* WeatherApp */,
			);
		};
/* End PBXProject section */

/* Begin PBXResourcesBuildPhase section */
		AAF9AE84291956F60081AB75 /* Resources */ = {
			isa = PBXResourcesBuildPhase;
			buildActionMask = 2147483647;
			files = (
				AAF9AE91291956F70081AB75 /* Preview Assets.xcassets in Resources */,
				AAF9AE8E291956F70081AB75 /* Assets.xcassets in Resources */,
			);
			runOnlyForDeploymentPostprocessing = 0;
		};
/* End PBXResourcesBuildPhase section */

/* Begin PBXShellScriptBuildPhase section */
		AACCB78629196C6900E13EEE /* ShellScript */ = {
			isa = PBXShellScriptBuildPhase;
			alwaysOutOfDate = 1;
			buildActionMask = 2147483647;
			files = (
			);
			inputFileListPaths = (
			);
			inputPaths = (
			);
			outputFileListPaths = (
			);
			outputPaths = (
			);
			runOnlyForDeploymentPostprocessing = 0;
			shellPath = /bin/sh;
			shellScript = "export PATH=\"$PATH:/opt/homebrew/bin\"\nif which swiftlint > /dev/null; then\n swiftlint\nelse\n  echo \"warning: SwiftLint not installed, download from https://github.com/realm/SwiftLint\"\nfi\n";
		};
/* End PBXShellScriptBuildPhase section */

/* Begin PBXSourcesBuildPhase section */
		AAF9AE82291956F60081AB75 /* Sources */ = {
			isa = PBXSourcesBuildPhase;
			buildActionMask = 2147483647;
			files = (
				AA007E84291B8C0D00DA92C0 /* CurrentForecastView.swift in Sources */,
				AADD4F80291A9E3E0077C37A /* DailyView.swift in Sources */,
				AA007E8C291B984500DA92C0 /* FactorView.swift in Sources */,
				AADD4F7C291A9DE70077C37A /* HourlyView.swift in Sources */,
				AACCB78C2919838200E13EEE /* Image.swift in Sources */,
				AAF9AE8A291956F60081AB75 /* WeatherAppApp.swift in Sources */,
				AACCB795291A498E00E13EEE /* MainWeatherView.swift in Sources */,
				AA007E88291B92ED00DA92C0 /* MainWeatherViewModel.swift in Sources */,
				AACCB78E291A385200E13EEE /* Navigation.swift in Sources */,
			);
			runOnlyForDeploymentPostprocessing = 0;
		};
/* End PBXSourcesBuildPhase section */

/* Begin XCBuildConfiguration section */
		AAF9AE92291956F70081AB75 /* Debug */ = {
			isa = XCBuildConfiguration;
			buildSettings = {
				ALWAYS_SEARCH_USER_PATHS = NO;
				CLANG_ANALYZER_NONNULL = YES;
				CLANG_ANALYZER_NUMBER_OBJECT_CONVERSION = YES_AGGRESSIVE;
				CLANG_CXX_LANGUAGE_STANDARD = "gnu++20";
				CLANG_ENABLE_MODULES = YES;
				CLANG_ENABLE_OBJC_ARC = YES;
				CLANG_ENABLE_OBJC_WEAK = YES;
				CLANG_WARN_BLOCK_CAPTURE_AUTORELEASING = YES;
				CLANG_WARN_BOOL_CONVERSION = YES;
				CLANG_WARN_COMMA = YES;
				CLANG_WARN_CONSTANT_CONVERSION = YES;
				CLANG_WARN_DEPRECATED_OBJC_IMPLEMENTATIONS = YES;
				CLANG_WARN_DIRECT_OBJC_ISA_USAGE = YES_ERROR;
				CLANG_WARN_DOCUMENTATION_COMMENTS = YES;
				CLANG_WARN_EMPTY_BODY = YES;
				CLANG_WARN_ENUM_CONVERSION = YES;
				CLANG_WARN_INFINITE_RECURSION = YES;
				CLANG_WARN_INT_CONVERSION = YES;
				CLANG_WARN_NON_LITERAL_NULL_CONVERSION = YES;
				CLANG_WARN_OBJC_IMPLICIT_RETAIN_SELF = YES;
				CLANG_WARN_OBJC_LITERAL_CONVERSION = YES;
				CLANG_WARN_OBJC_ROOT_CLASS = YES_ERROR;
				CLANG_WARN_QUOTED_INCLUDE_IN_FRAMEWORK_HEADER = YES;
				CLANG_WARN_RANGE_LOOP_ANALYSIS = YES;
				CLANG_WARN_STRICT_PROTOTYPES = YES;
				CLANG_WARN_SUSPICIOUS_MOVE = YES;
				CLANG_WARN_UNGUARDED_AVAILABILITY = YES_AGGRESSIVE;
				CLANG_WARN_UNREACHABLE_CODE = YES;
				CLANG_WARN__DUPLICATE_METHOD_MATCH = YES;
				COPY_PHASE_STRIP = NO;
				DEBUG_INFORMATION_FORMAT = dwarf;
				ENABLE_STRICT_OBJC_MSGSEND = YES;
				ENABLE_TESTABILITY = YES;
				GCC_C_LANGUAGE_STANDARD = gnu11;
				GCC_DYNAMIC_NO_PIC = NO;
				GCC_NO_COMMON_BLOCKS = YES;
				GCC_OPTIMIZATION_LEVEL = 0;
				GCC_PREPROCESSOR_DEFINITIONS = (
					"DEBUG=1",
					"$(inherited)",
				);
				GCC_WARN_64_TO_32_BIT_CONVERSION = YES;
				GCC_WARN_ABOUT_RETURN_TYPE = YES_ERROR;
				GCC_WARN_UNDECLARED_SELECTOR = YES;
				GCC_WARN_UNINITIALIZED_AUTOS = YES_AGGRESSIVE;
				GCC_WARN_UNUSED_FUNCTION = YES;
				GCC_WARN_UNUSED_VARIABLE = YES;
				IPHONEOS_DEPLOYMENT_TARGET = 16.1;
				MTL_ENABLE_DEBUG_INFO = INCLUDE_SOURCE;
				MTL_FAST_MATH = YES;
				ONLY_ACTIVE_ARCH = YES;
				SDKROOT = iphoneos;
				SWIFT_ACTIVE_COMPILATION_CONDITIONS = DEBUG;
				SWIFT_OPTIMIZATION_LEVEL = "-Onone";
			};
			name = Debug;
		};
		AAF9AE93291956F70081AB75 /* Release */ = {
			isa = XCBuildConfiguration;
			buildSettings = {
				ALWAYS_SEARCH_USER_PATHS = NO;
				CLANG_ANALYZER_NONNULL = YES;
				CLANG_ANALYZER_NUMBER_OBJECT_CONVERSION = YES_AGGRESSIVE;
				CLANG_CXX_LANGUAGE_STANDARD = "gnu++20";
				CLANG_ENABLE_MODULES = YES;
				CLANG_ENABLE_OBJC_ARC = YES;
				CLANG_ENABLE_OBJC_WEAK = YES;
				CLANG_WARN_BLOCK_CAPTURE_AUTORELEASING = YES;
				CLANG_WARN_BOOL_CONVERSION = YES;
				CLANG_WARN_COMMA = YES;
				CLANG_WARN_CONSTANT_CONVERSION = YES;
				CLANG_WARN_DEPRECATED_OBJC_IMPLEMENTATIONS = YES;
				CLANG_WARN_DIRECT_OBJC_ISA_USAGE = YES_ERROR;
				CLANG_WARN_DOCUMENTATION_COMMENTS = YES;
				CLANG_WARN_EMPTY_BODY = YES;
				CLANG_WARN_ENUM_CONVERSION = YES;
				CLANG_WARN_INFINITE_RECURSION = YES;
				CLANG_WARN_INT_CONVERSION = YES;
				CLANG_WARN_NON_LITERAL_NULL_CONVERSION = YES;
				CLANG_WARN_OBJC_IMPLICIT_RETAIN_SELF = YES;
				CLANG_WARN_OBJC_LITERAL_CONVERSION = YES;
				CLANG_WARN_OBJC_ROOT_CLASS = YES_ERROR;
				CLANG_WARN_QUOTED_INCLUDE_IN_FRAMEWORK_HEADER = YES;
				CLANG_WARN_RANGE_LOOP_ANALYSIS = YES;
				CLANG_WARN_STRICT_PROTOTYPES = YES;
				CLANG_WARN_SUSPICIOUS_MOVE = YES;
				CLANG_WARN_UNGUARDED_AVAILABILITY = YES_AGGRESSIVE;
				CLANG_WARN_UNREACHABLE_CODE = YES;
				CLANG_WARN__DUPLICATE_METHOD_MATCH = YES;
				COPY_PHASE_STRIP = NO;
				DEBUG_INFORMATION_FORMAT = "dwarf-with-dsym";
				ENABLE_NS_ASSERTIONS = NO;
				ENABLE_STRICT_OBJC_MSGSEND = YES;
				GCC_C_LANGUAGE_STANDARD = gnu11;
				GCC_NO_COMMON_BLOCKS = YES;
				GCC_WARN_64_TO_32_BIT_CONVERSION = YES;
				GCC_WARN_ABOUT_RETURN_TYPE = YES_ERROR;
				GCC_WARN_UNDECLARED_SELECTOR = YES;
				GCC_WARN_UNINITIALIZED_AUTOS = YES_AGGRESSIVE;
				GCC_WARN_UNUSED_FUNCTION = YES;
				GCC_WARN_UNUSED_VARIABLE = YES;
				IPHONEOS_DEPLOYMENT_TARGET = 16.1;
				MTL_ENABLE_DEBUG_INFO = NO;
				MTL_FAST_MATH = YES;
				SDKROOT = iphoneos;
				SWIFT_COMPILATION_MODE = wholemodule;
				SWIFT_OPTIMIZATION_LEVEL = "-O";
				VALIDATE_PRODUCT = YES;
			};
			name = Release;
		};
		AAF9AE95291956F70081AB75 /* Debug */ = {
			isa = XCBuildConfiguration;
			buildSettings = {
				ASSETCATALOG_COMPILER_APPICON_NAME = AppIcon;
				ASSETCATALOG_COMPILER_GLOBAL_ACCENT_COLOR_NAME = AccentColor;
				CODE_SIGN_STYLE = Automatic;
				CURRENT_PROJECT_VERSION = 1;
				DEVELOPMENT_ASSET_PATHS = "\"WeatherApp/Preview Content\"";
				ENABLE_PREVIEWS = YES;
				GENERATE_INFOPLIST_FILE = YES;
				INFOPLIST_KEY_UIApplicationSceneManifest_Generation = YES;
				INFOPLIST_KEY_UIApplicationSupportsIndirectInputEvents = YES;
				INFOPLIST_KEY_UILaunchScreen_Generation = YES;
				INFOPLIST_KEY_UISupportedInterfaceOrientations_iPad = "UIInterfaceOrientationPortrait UIInterfaceOrientationPortraitUpsideDown UIInterfaceOrientationLandscapeLeft UIInterfaceOrientationLandscapeRight";
				INFOPLIST_KEY_UISupportedInterfaceOrientations_iPhone = "UIInterfaceOrientationPortrait UIInterfaceOrientationLandscapeLeft UIInterfaceOrientationLandscapeRight";
				LD_RUNPATH_SEARCH_PATHS = (
					"$(inherited)",
					"@executable_path/Frameworks",
				);
				MARKETING_VERSION = 1.0;
				PRODUCT_BUNDLE_IDENTIFIER = "Rafal-Kruszyna.WeatherApp";
				PRODUCT_NAME = "$(TARGET_NAME)";
				SWIFT_EMIT_LOC_STRINGS = YES;
				SWIFT_VERSION = 5.0;
				TARGETED_DEVICE_FAMILY = "1,2";
			};
			name = Debug;
		};
		AAF9AE96291956F70081AB75 /* Release */ = {
			isa = XCBuildConfiguration;
			buildSettings = {
				ASSETCATALOG_COMPILER_APPICON_NAME = AppIcon;
				ASSETCATALOG_COMPILER_GLOBAL_ACCENT_COLOR_NAME = AccentColor;
				CODE_SIGN_STYLE = Automatic;
				CURRENT_PROJECT_VERSION = 1;
				DEVELOPMENT_ASSET_PATHS = "\"WeatherApp/Preview Content\"";
				ENABLE_PREVIEWS = YES;
				GENERATE_INFOPLIST_FILE = YES;
				INFOPLIST_KEY_UIApplicationSceneManifest_Generation = YES;
				INFOPLIST_KEY_UIApplicationSupportsIndirectInputEvents = YES;
				INFOPLIST_KEY_UILaunchScreen_Generation = YES;
				INFOPLIST_KEY_UISupportedInterfaceOrientations_iPad = "UIInterfaceOrientationPortrait UIInterfaceOrientationPortraitUpsideDown UIInterfaceOrientationLandscapeLeft UIInterfaceOrientationLandscapeRight";
				INFOPLIST_KEY_UISupportedInterfaceOrientations_iPhone = "UIInterfaceOrientationPortrait UIInterfaceOrientationLandscapeLeft UIInterfaceOrientationLandscapeRight";
				LD_RUNPATH_SEARCH_PATHS = (
					"$(inherited)",
					"@executable_path/Frameworks",
				);
				MARKETING_VERSION = 1.0;
				PRODUCT_BUNDLE_IDENTIFIER = "Rafal-Kruszyna.WeatherApp";
				PRODUCT_NAME = "$(TARGET_NAME)";
				SWIFT_EMIT_LOC_STRINGS = YES;
				SWIFT_VERSION = 5.0;
				TARGETED_DEVICE_FAMILY = "1,2";
			};
			name = Release;
		};
/* End XCBuildConfiguration section */

/* Begin XCConfigurationList section */
		AAF9AE81291956F60081AB75 /* Build configuration list for PBXProject "WeatherApp" */ = {
			isa = XCConfigurationList;
			buildConfigurations = (
				AAF9AE92291956F70081AB75 /* Debug */,
				AAF9AE93291956F70081AB75 /* Release */,
			);
			defaultConfigurationIsVisible = 0;
			defaultConfigurationName = Release;
		};
		AAF9AE94291956F70081AB75 /* Build configuration list for PBXNativeTarget "WeatherApp" */ = {
			isa = XCConfigurationList;
			buildConfigurations = (
				AAF9AE95291956F70081AB75 /* Debug */,
				AAF9AE96291956F70081AB75 /* Release */,
			);
			defaultConfigurationIsVisible = 0;
			defaultConfigurationName = Release;
		};
/* End XCConfigurationList section */
	};
	rootObject = AAF9AE7E291956F60081AB75 /* Project object */;
}
